
Microsoft Visual Studio Solution File, Format Version 12.00
# Visual Studio 15
Project("{FAE04EC0-301F-11D3-BF4B-00C04F79EFBC}") = "Assembly-CSharp", "Assembly-CSharp.csproj", "{F8F784AE-1D69-A02C-A8FC-145479937142}"
EndProject
Project("{FAE04EC0-301F-11D3-BF4B-00C04F79EFBC}") = "Assembly-CSharp", "Assembly-CSharp.Player.csproj", "{BFD8FE04-EA0A-40C3-8620-5E9F69E5C57F}"
EndProject
Global
	GlobalSection(SolutionConfigurationPlatforms) = preSolution
		Debug|Any CPU = Debug|Any CPU
		Release|Any CPU = Release|Any CPU
	EndGlobalSection
	GlobalSection(ProjectConfigurationPlatforms) = postSolution
		{F8F784AE-1D69-A02C-A8FC-145479937142}.Debug|Any CPU.ActiveCfg = Debug|Any CPU
		{F8F784AE-1D69-A02C-A8FC-145479937142}.Debug|Any CPU.Build.0 = Debug|Any CPU
		{F8F784AE-1D69-A02C-A8FC-145479937142}.Release|Any CPU.ActiveCfg = Release|Any CPU
		{F8F784AE-1D69-A02C-A8FC-145479937142}.Release|Any CPU.Build.0 = Release|Any CPU
		{BFD8FE04-EA0A-40C3-8620-5E9F69E5C57F}.Debug|Any CPU.ActiveCfg = Debug|Any CPU
		{BFD8FE04-EA0A-40C3-8620-5E9F69E5C57F}.Debug|Any CPU.Build.0 = Debug|Any CPU
		{BFD8FE04-EA0A-40C3-8620-5E9F69E5C57F}.Release|Any CPU.ActiveCfg = Release|Any CPU
		{BFD8FE04-EA0A-40C3-8620-5E9F69E5C57F}.Release|Any CPU.Build.0 = Release|Any CPU
	EndGlobalSection
	GlobalSection(SolutionProperties) = preSolution
		HideSolutionNode = FALSE
	EndGlobalSection
EndGlobal
